{
  "name": "yotest-vue-sdk",
  "version": "1.0.0",
  "lockfileVersion": 1,
  "requires": true,
  "dependencies": {
    "yotest-web-sdk": {
      "version": "1.0.4",
      "resolved": "https://registry.npmjs.org/yotest-web-sdk/-/yotest-web-sdk-1.0.4.tgz",
      "integrity": "sha512-Y6YbAwDa+72WRkc99G9dOBb0RnK3IOnBIPkHdf1h4+ipWEv9jjkXajNMhfJsCKuSJhUgVvU3B72+Id34Obtf6Q=="
    }
  }
}
