{
  "name": "yotest-vue-sdk",
  "version": "1.0.2",
  "lockfileVersion": 2,
  "requires": true,
  "packages": {
    "": {
      "name": "yotest-vue-sdk",
      "version": "1.0.2",
      "license": "MIT",
      "dependencies": {
        "yotest-web-sdk": "^1.1.7"
      }
    },
    "node_modules/yotest-web-sdk": {
      "version": "1.1.7",
      "resolved": "https://registry.npmjs.org/yotest-web-sdk/-/yotest-web-sdk-1.1.7.tgz",
      "integrity": "sha512-Ad0OJLxmicfzK5s+GM3oa3LkL9yMiw8+Ji9ovpl8MmXjQSxyDE/ZrC7/JXdOeVB6c1I49zZGyHVfkpEtzx8c1Q=="
    }
  },
  "dependencies": {
    "yotest-web-sdk": {
      "version": "1.1.7",
      "resolved": "https://registry.npmjs.org/yotest-web-sdk/-/yotest-web-sdk-1.1.7.tgz",
      "integrity": "sha512-Ad0OJLxmicfzK5s+GM3oa3LkL9yMiw8+Ji9ovpl8MmXjQSxyDE/ZrC7/JXdOeVB6c1I49zZGyHVfkpEtzx8c1Q=="
    }
  }
}
